
Microsoft Visual Studio Solution File, Format Version 12.00
# Visual Studio 15
VisualStudioVersion = 15.0.28307.329
MinimumVisualStudioVersion = 10.0.40219.1
Project("{FAE04EC0-301F-11D3-BF4B-00C04F79EFBC}") = "helloWorld", "helloWorld\helloWorld.csproj", "{875324F4-C26B-43E5-B8DC-40E6F03F2D6E}"
EndProject
Global
	GlobalSection(SolutionConfigurationPlatforms) = preSolution
		Debug|Any CPU = Debug|Any CPU
		Release|Any CPU = Release|Any CPU
	EndGlobalSection
	GlobalSection(ProjectConfigurationPlatforms) = postSolution
		{875324F4-C26B-43E5-B8DC-40E6F03F2D6E}.Debug|Any CPU.ActiveCfg = Debug|Any CPU
		{875324F4-C26B-43E5-B8DC-40E6F03F2D6E}.Debug|Any CPU.Build.0 = Debug|Any CPU
		{875324F4-C26B-43E5-B8DC-40E6F03F2D6E}.Release|Any CPU.ActiveCfg = Release|Any CPU
		{875324F4-C26B-43E5-B8DC-40E6F03F2D6E}.Release|Any CPU.Build.0 = Release|Any CPU
	EndGlobalSection
	GlobalSection(SolutionProperties) = preSolution
		HideSolutionNode = FALSE
	EndGlobalSection
	GlobalSection(ExtensibilityGlobals) = postSolution
		SolutionGuid = {0566AE31-D07F-40C6-9B81-A0405DFAD6AF}
	EndGlobalSection
EndGlobal
